{
  "dependencies": {
    "auth0-lock": {
      "version": "10.0.0-beta.1",
      "resolved": "https://registry.npmjs.org/auth0-lock/-/auth0-lock-10.0.0-beta.1.tgz",
      "from": "auth0-lock@10.0.0-beta.1",
      "dependencies": {
        "auth0-js": {
          "version": "6.8.0",
          "resolved": "https://registry.npmjs.org/auth0-js/-/auth0-js-6.8.0.tgz",
          "from": "auth0-js@6.8.0",
          "dependencies": {
            "Base64": {
              "version": "0.1.4",
              "resolved": "https://registry.npmjs.org/Base64/-/Base64-0.1.4.tgz",
              "from": "Base64@>=0.1.3 <0.2.0"
            },
            "debug": {
              "version": "1.0.4",
              "resolved": "https://registry.npmjs.org/debug/-/debug-1.0.4.tgz",
              "from": "debug@>=1.0.4 <1.1.0",
              "dependencies": {
                "ms": {
                  "version": "0.6.2",
                  "resolved": "https://registry.npmjs.org/ms/-/ms-0.6.2.tgz",
                  "from": "ms@0.6.2"
                }
              }
            },
            "json-fallback": {
              "version": "0.0.1",
              "resolved": "https://registry.npmjs.org/json-fallback/-/json-fallback-0.0.1.tgz",
              "from": "json-fallback@0.0.1"
            },
            "jsonp": {
              "version": "0.0.4",
              "resolved": "https://registry.npmjs.org/jsonp/-/jsonp-0.0.4.tgz",
              "from": "jsonp@>=0.0.4 <0.1.0"
            },
            "qs": {
              "version": "0.6.6",
              "resolved": "git+https://github.com/jfromaniello/node-querystring.git#5d96513991635e3e22d7aa54a8584d6ce97cace8",
              "from": "git+https://github.com/jfromaniello/node-querystring.git#fix_ie7_bug_with_arrays"
            },
            "winchan": {
              "version": "0.1.2",
              "resolved": "https://registry.npmjs.org/winchan/-/winchan-0.1.2.tgz",
              "from": "winchan@>=0.1.1 <0.2.0",
              "dependencies": {
                "express": {
                  "version": "3.21.2",
                  "resolved": "https://registry.npmjs.org/express/-/express-3.21.2.tgz",
                  "from": "express@>=3.13.0 <4.0.0",
                  "dependencies": {
                    "basic-auth": {
                      "version": "1.0.3",
                      "resolved": "https://registry.npmjs.org/basic-auth/-/basic-auth-1.0.3.tgz",
                      "from": "basic-auth@>=1.0.3 <1.1.0"
                    },
                    "commander": {
                      "version": "2.6.0",
                      "resolved": "https://registry.npmjs.org/commander/-/commander-2.6.0.tgz",
                      "from": "commander@2.6.0"
                    },
                    "connect": {
                      "version": "2.30.2",
                      "resolved": "https://registry.npmjs.org/connect/-/connect-2.30.2.tgz",
                      "from": "connect@2.30.2",
                      "dependencies": {
                        "basic-auth-connect": {
                          "version": "1.0.0",
                          "resolved": "https://registry.npmjs.org/basic-auth-connect/-/basic-auth-connect-1.0.0.tgz",
                          "from": "basic-auth-connect@1.0.0"
                        },
                        "body-parser": {
                          "version": "1.13.3",
                          "resolved": "https://registry.npmjs.org/body-parser/-/body-parser-1.13.3.tgz",
                          "from": "body-parser@>=1.13.3 <1.14.0",
                          "dependencies": {
                            "iconv-lite": {
                              "version": "0.4.11",
                              "resolved": "https://registry.npmjs.org/iconv-lite/-/iconv-lite-0.4.11.tgz",
                              "from": "iconv-lite@0.4.11"
                            },
                            "on-finished": {
                              "version": "2.3.0",
                              "resolved": "https://registry.npmjs.org/on-finished/-/on-finished-2.3.0.tgz",
                              "from": "on-finished@>=2.3.0 <2.4.0",
                              "dependencies": {
                                "ee-first": {
                                  "version": "1.1.1",
                                  "resolved": "https://registry.npmjs.org/ee-first/-/ee-first-1.1.1.tgz",
                                  "from": "ee-first@1.1.1"
                                }
                              }
                            },
                            "raw-body": {
                              "version": "2.1.6",
                              "resolved": "https://registry.npmjs.org/raw-body/-/raw-body-2.1.6.tgz",
                              "from": "raw-body@>=2.1.2 <2.2.0",
                              "dependencies": {
                                "bytes": {
                                  "version": "2.3.0",
                                  "resolved": "https://registry.npmjs.org/bytes/-/bytes-2.3.0.tgz",
                                  "from": "bytes@2.3.0"
                                },
                                "iconv-lite": {
                                  "version": "0.4.13",
                                  "resolved": "https://registry.npmjs.org/iconv-lite/-/iconv-lite-0.4.13.tgz",
                                  "from": "iconv-lite@0.4.13"
                                },
                                "unpipe": {
                                  "version": "1.0.0",
                                  "resolved": "https://registry.npmjs.org/unpipe/-/unpipe-1.0.0.tgz",
                                  "from": "unpipe@1.0.0"
                                }
                              }
                            }
                          }
                        },
                        "bytes": {
                          "version": "2.1.0",
                          "resolved": "https://registry.npmjs.org/bytes/-/bytes-2.1.0.tgz",
                          "from": "bytes@2.1.0"
                        },
                        "compression": {
                          "version": "1.5.2",
                          "resolved": "https://registry.npmjs.org/compression/-/compression-1.5.2.tgz",
                          "from": "compression@>=1.5.2 <1.6.0",
                          "dependencies": {
                            "accepts": {
                              "version": "1.2.13",
                              "resolved": "https://registry.npmjs.org/accepts/-/accepts-1.2.13.tgz",
                              "from": "accepts@>=1.2.12 <1.3.0",
                              "dependencies": {
                                "mime-types": {
                                  "version": "2.1.10",
                                  "resolved": "https://registry.npmjs.org/mime-types/-/mime-types-2.1.10.tgz",
                                  "from": "mime-types@>=2.1.10 <2.2.0",
                                  "dependencies": {
                                    "mime-db": {
                                      "version": "1.22.0",
                                      "resolved": "https://registry.npmjs.org/mime-db/-/mime-db-1.22.0.tgz",
                                      "from": "mime-db@>=1.22.0 <1.23.0"
                                    }
                                  }
                                },
                                "negotiator": {
                                  "version": "0.5.3",
                                  "resolved": "https://registry.npmjs.org/negotiator/-/negotiator-0.5.3.tgz",
                                  "from": "negotiator@0.5.3"
                                }
                              }
                            },
                            "compressible": {
                              "version": "2.0.7",
                              "resolved": "https://registry.npmjs.org/compressible/-/compressible-2.0.7.tgz",
                              "from": "compressible@>=2.0.5 <2.1.0",
                              "dependencies": {
                                "mime-db": {
                                  "version": "1.22.0",
                                  "resolved": "https://registry.npmjs.org/mime-db/-/mime-db-1.22.0.tgz",
                                  "from": "mime-db@>=1.22.0 <1.23.0"
                                }
                              }
                            }
                          }
                        },
                        "connect-timeout": {
                          "version": "1.6.2",
                          "resolved": "https://registry.npmjs.org/connect-timeout/-/connect-timeout-1.6.2.tgz",
                          "from": "connect-timeout@>=1.6.2 <1.7.0",
                          "dependencies": {
                            "ms": {
                              "version": "0.7.1",
                              "resolved": "https://registry.npmjs.org/ms/-/ms-0.7.1.tgz",
                              "from": "ms@0.7.1"
                            }
                          }
                        },
                        "cookie-parser": {
                          "version": "1.3.5",
                          "resolved": "https://registry.npmjs.org/cookie-parser/-/cookie-parser-1.3.5.tgz",
                          "from": "cookie-parser@>=1.3.5 <1.4.0"
                        },
                        "csurf": {
                          "version": "1.8.3",
                          "resolved": "https://registry.npmjs.org/csurf/-/csurf-1.8.3.tgz",
                          "from": "csurf@>=1.8.3 <1.9.0",
                          "dependencies": {
                            "csrf": {
                              "version": "3.0.1",
                              "resolved": "https://registry.npmjs.org/csrf/-/csrf-3.0.1.tgz",
                              "from": "csrf@>=3.0.0 <3.1.0",
                              "dependencies": {
                                "base64-url": {
                                  "version": "1.2.1",
                                  "resolved": "https://registry.npmjs.org/base64-url/-/base64-url-1.2.1.tgz",
                                  "from": "base64-url@1.2.1"
                                },
                                "rndm": {
                                  "version": "1.2.0",
                                  "resolved": "https://registry.npmjs.org/rndm/-/rndm-1.2.0.tgz",
                                  "from": "rndm@1.2.0"
                                },
                                "scmp": {
                                  "version": "1.0.0",
                                  "resolved": "https://registry.npmjs.org/scmp/-/scmp-1.0.0.tgz",
                                  "from": "scmp@1.0.0"
                                },
                                "uid-safe": {
                                  "version": "2.1.0",
                                  "resolved": "https://registry.npmjs.org/uid-safe/-/uid-safe-2.1.0.tgz",
                                  "from": "uid-safe@2.1.0",
                                  "dependencies": {
                                    "random-bytes": {
                                      "version": "1.0.0",
                                      "resolved": "https://registry.npmjs.org/random-bytes/-/random-bytes-1.0.0.tgz",
                                      "from": "random-bytes@>=1.0.0 <1.1.0"
                                    }
                                  }
                                }
                              }
                            }
                          }
                        },
                        "errorhandler": {
                          "version": "1.4.3",
                          "resolved": "https://registry.npmjs.org/errorhandler/-/errorhandler-1.4.3.tgz",
                          "from": "errorhandler@>=1.4.2 <1.5.0",
                          "dependencies": {
                            "accepts": {
                              "version": "1.3.2",
                              "resolved": "https://registry.npmjs.org/accepts/-/accepts-1.3.2.tgz",
                              "from": "accepts@>=1.3.0 <1.4.0",
                              "dependencies": {
                                "mime-types": {
                                  "version": "2.1.10",
                                  "resolved": "https://registry.npmjs.org/mime-types/-/mime-types-2.1.10.tgz",
                                  "from": "mime-types@>=2.1.10 <2.2.0",
                                  "dependencies": {
                                    "mime-db": {
                                      "version": "1.22.0",
                                      "resolved": "https://registry.npmjs.org/mime-db/-/mime-db-1.22.0.tgz",
                                      "from": "mime-db@>=1.22.0 <1.23.0"
                                    }
                                  }
                                },
                                "negotiator": {
                                  "version": "0.6.0",
                                  "resolved": "https://registry.npmjs.org/negotiator/-/negotiator-0.6.0.tgz",
                                  "from": "negotiator@0.6.0"
                                }
                              }
                            },
                            "escape-html": {
                              "version": "1.0.3",
                              "resolved": "https://registry.npmjs.org/escape-html/-/escape-html-1.0.3.tgz",
                              "from": "escape-html@>=1.0.3 <1.1.0"
                            }
                          }
                        },
                        "express-session": {
                          "version": "1.11.3",
                          "resolved": "https://registry.npmjs.org/express-session/-/express-session-1.11.3.tgz",
                          "from": "express-session@>=1.11.3 <1.12.0",
                          "dependencies": {
                            "crc": {
                              "version": "3.3.0",
                              "resolved": "https://registry.npmjs.org/crc/-/crc-3.3.0.tgz",
                              "from": "crc@3.3.0"
                            },
                            "uid-safe": {
                              "version": "2.0.0",
                              "resolved": "https://registry.npmjs.org/uid-safe/-/uid-safe-2.0.0.tgz",
                              "from": "uid-safe@>=2.0.0 <2.1.0",
                              "dependencies": {
                                "base64-url": {
                                  "version": "1.2.1",
                                  "resolved": "https://registry.npmjs.org/base64-url/-/base64-url-1.2.1.tgz",
                                  "from": "base64-url@1.2.1"
                                }
                              }
                            }
                          }
                        },
                        "finalhandler": {
                          "version": "0.4.0",
                          "resolved": "https://registry.npmjs.org/finalhandler/-/finalhandler-0.4.0.tgz",
                          "from": "finalhandler@0.4.0",
                          "dependencies": {
                            "on-finished": {
                              "version": "2.3.0",
                              "resolved": "https://registry.npmjs.org/on-finished/-/on-finished-2.3.0.tgz",
                              "from": "on-finished@>=2.3.0 <2.4.0",
                              "dependencies": {
                                "ee-first": {
                                  "version": "1.1.1",
                                  "resolved": "https://registry.npmjs.org/ee-first/-/ee-first-1.1.1.tgz",
                                  "from": "ee-first@1.1.1"
                                }
                              }
                            },
                            "unpipe": {
                              "version": "1.0.0",
                              "resolved": "https://registry.npmjs.org/unpipe/-/unpipe-1.0.0.tgz",
                              "from": "unpipe@>=1.0.0 <1.1.0"
                            }
                          }
                        },
                        "http-errors": {
                          "version": "1.3.1",
                          "resolved": "https://registry.npmjs.org/http-errors/-/http-errors-1.3.1.tgz",
                          "from": "http-errors@>=1.3.1 <1.4.0",
                          "dependencies": {
                            "inherits": {
                              "version": "2.0.1",
                              "resolved": "https://registry.npmjs.org/inherits/-/inherits-2.0.1.tgz",
                              "from": "inherits@>=2.0.1 <2.1.0"
                            },
                            "statuses": {
                              "version": "1.2.1",
                              "resolved": "https://registry.npmjs.org/statuses/-/statuses-1.2.1.tgz",
                              "from": "statuses@>=1.0.0 <2.0.0"
                            }
                          }
                        },
                        "method-override": {
                          "version": "2.3.5",
                          "resolved": "https://registry.npmjs.org/method-override/-/method-override-2.3.5.tgz",
                          "from": "method-override@>=2.3.5 <2.4.0"
                        },
                        "morgan": {
                          "version": "1.6.1",
                          "resolved": "https://registry.npmjs.org/morgan/-/morgan-1.6.1.tgz",
                          "from": "morgan@>=1.6.1 <1.7.0",
                          "dependencies": {
                            "on-finished": {
                              "version": "2.3.0",
                              "resolved": "https://registry.npmjs.org/on-finished/-/on-finished-2.3.0.tgz",
                              "from": "on-finished@>=2.3.0 <2.4.0",
                              "dependencies": {
                                "ee-first": {
                                  "version": "1.1.1",
                                  "resolved": "https://registry.npmjs.org/ee-first/-/ee-first-1.1.1.tgz",
                                  "from": "ee-first@1.1.1"
                                }
                              }
                            }
                          }
                        },
                        "multiparty": {
                          "version": "3.3.2",
                          "resolved": "https://registry.npmjs.org/multiparty/-/multiparty-3.3.2.tgz",
                          "from": "multiparty@3.3.2",
                          "dependencies": {
                            "readable-stream": {
                              "version": "1.1.13",
                              "resolved": "https://registry.npmjs.org/readable-stream/-/readable-stream-1.1.13.tgz",
                              "from": "readable-stream@>=1.1.9 <1.2.0",
                              "dependencies": {
                                "core-util-is": {
                                  "version": "1.0.2",
                                  "resolved": "https://registry.npmjs.org/core-util-is/-/core-util-is-1.0.2.tgz",
                                  "from": "core-util-is@>=1.0.0 <1.1.0"
                                },
                                "inherits": {
                                  "version": "2.0.1",
                                  "resolved": "https://registry.npmjs.org/inherits/-/inherits-2.0.1.tgz",
                                  "from": "inherits@>=2.0.1 <2.1.0"
                                },
                                "isarray": {
                                  "version": "0.0.1",
                                  "resolved": "https://registry.npmjs.org/isarray/-/isarray-0.0.1.tgz",
                                  "from": "isarray@0.0.1"
                                },
                                "string_decoder": {
                                  "version": "0.10.31",
                                  "resolved": "https://registry.npmjs.org/string_decoder/-/string_decoder-0.10.31.tgz",
                                  "from": "string_decoder@>=0.10.0 <0.11.0"
                                }
                              }
                            },
                            "stream-counter": {
                              "version": "0.2.0",
                              "resolved": "https://registry.npmjs.org/stream-counter/-/stream-counter-0.2.0.tgz",
                              "from": "stream-counter@>=0.2.0 <0.3.0"
                            }
                          }
                        },
                        "on-headers": {
                          "version": "1.0.1",
                          "resolved": "https://registry.npmjs.org/on-headers/-/on-headers-1.0.1.tgz",
                          "from": "on-headers@>=1.0.0 <1.1.0"
                        },
                        "pause": {
                          "version": "0.1.0",
                          "resolved": "https://registry.npmjs.org/pause/-/pause-0.1.0.tgz",
                          "from": "pause@0.1.0"
                        },
                        "qs": {
                          "version": "4.0.0",
                          "resolved": "https://registry.npmjs.org/qs/-/qs-4.0.0.tgz",
                          "from": "qs@4.0.0"
                        },
                        "response-time": {
                          "version": "2.3.1",
                          "resolved": "https://registry.npmjs.org/response-time/-/response-time-2.3.1.tgz",
                          "from": "response-time@>=2.3.1 <2.4.0"
                        },
                        "serve-favicon": {
                          "version": "2.3.0",
                          "resolved": "https://registry.npmjs.org/serve-favicon/-/serve-favicon-2.3.0.tgz",
                          "from": "serve-favicon@>=2.3.0 <2.4.0",
                          "dependencies": {
                            "ms": {
                              "version": "0.7.1",
                              "resolved": "https://registry.npmjs.org/ms/-/ms-0.7.1.tgz",
                              "from": "ms@0.7.1"
                            }
                          }
                        },
                        "serve-index": {
                          "version": "1.7.3",
                          "resolved": "https://registry.npmjs.org/serve-index/-/serve-index-1.7.3.tgz",
                          "from": "serve-index@>=1.7.2 <1.8.0",
                          "dependencies": {
                            "accepts": {
                              "version": "1.2.13",
                              "resolved": "https://registry.npmjs.org/accepts/-/accepts-1.2.13.tgz",
                              "from": "accepts@>=1.2.13 <1.3.0",
                              "dependencies": {
                                "negotiator": {
                                  "version": "0.5.3",
                                  "resolved": "https://registry.npmjs.org/negotiator/-/negotiator-0.5.3.tgz",
                                  "from": "negotiator@0.5.3"
                                }
                              }
                            },
                            "batch": {
                              "version": "0.5.3",
                              "resolved": "https://registry.npmjs.org/batch/-/batch-0.5.3.tgz",
                              "from": "batch@0.5.3"
                            },
                            "escape-html": {
                              "version": "1.0.3",
                              "resolved": "https://registry.npmjs.org/escape-html/-/escape-html-1.0.3.tgz",
                              "from": "escape-html@>=1.0.3 <1.1.0"
                            },
                            "mime-types": {
                              "version": "2.1.10",
                              "resolved": "https://registry.npmjs.org/mime-types/-/mime-types-2.1.10.tgz",
                              "from": "mime-types@>=2.1.9 <2.2.0",
                              "dependencies": {
                                "mime-db": {
                                  "version": "1.22.0",
                                  "resolved": "https://registry.npmjs.org/mime-db/-/mime-db-1.22.0.tgz",
                                  "from": "mime-db@>=1.22.0 <1.23.0"
                                }
                              }
                            }
                          }
                        },
                        "serve-static": {
                          "version": "1.10.2",
                          "resolved": "https://registry.npmjs.org/serve-static/-/serve-static-1.10.2.tgz",
                          "from": "serve-static@>=1.10.0 <1.11.0",
                          "dependencies": {
                            "escape-html": {
                              "version": "1.0.3",
                              "resolved": "https://registry.npmjs.org/escape-html/-/escape-html-1.0.3.tgz",
                              "from": "escape-html@>=1.0.3 <1.1.0"
                            },
                            "send": {
                              "version": "0.13.1",
                              "resolved": "https://registry.npmjs.org/send/-/send-0.13.1.tgz",
                              "from": "send@0.13.1",
                              "dependencies": {
                                "depd": {
                                  "version": "1.1.0",
                                  "resolved": "https://registry.npmjs.org/depd/-/depd-1.1.0.tgz",
                                  "from": "depd@>=1.1.0 <1.2.0"
                                },
                                "destroy": {
                                  "version": "1.0.4",
                                  "resolved": "https://registry.npmjs.org/destroy/-/destroy-1.0.4.tgz",
                                  "from": "destroy@>=1.0.4 <1.1.0"
                                },
                                "mime": {
                                  "version": "1.3.4",
                                  "resolved": "https://registry.npmjs.org/mime/-/mime-1.3.4.tgz",
                                  "from": "mime@1.3.4"
                                },
                                "ms": {
                                  "version": "0.7.1",
                                  "resolved": "https://registry.npmjs.org/ms/-/ms-0.7.1.tgz",
                                  "from": "ms@0.7.1"
                                },
                                "on-finished": {
                                  "version": "2.3.0",
                                  "resolved": "https://registry.npmjs.org/on-finished/-/on-finished-2.3.0.tgz",
                                  "from": "on-finished@>=2.3.0 <2.4.0",
                                  "dependencies": {
                                    "ee-first": {
                                      "version": "1.1.1",
                                      "resolved": "https://registry.npmjs.org/ee-first/-/ee-first-1.1.1.tgz",
                                      "from": "ee-first@1.1.1"
                                    }
                                  }
                                },
                                "statuses": {
                                  "version": "1.2.1",
                                  "resolved": "https://registry.npmjs.org/statuses/-/statuses-1.2.1.tgz",
                                  "from": "statuses@>=1.2.1 <1.3.0"
                                }
                              }
                            }
                          }
                        },
                        "type-is": {
                          "version": "1.6.12",
                          "resolved": "https://registry.npmjs.org/type-is/-/type-is-1.6.12.tgz",
                          "from": "type-is@>=1.6.6 <1.7.0",
                          "dependencies": {
                            "media-typer": {
                              "version": "0.3.0",
                              "resolved": "https://registry.npmjs.org/media-typer/-/media-typer-0.3.0.tgz",
                              "from": "media-typer@0.3.0"
                            },
                            "mime-types": {
                              "version": "2.1.10",
                              "resolved": "https://registry.npmjs.org/mime-types/-/mime-types-2.1.10.tgz",
                              "from": "mime-types@>=2.1.10 <2.2.0",
                              "dependencies": {
                                "mime-db": {
                                  "version": "1.22.0",
                                  "resolved": "https://registry.npmjs.org/mime-db/-/mime-db-1.22.0.tgz",
                                  "from": "mime-db@>=1.22.0 <1.23.0"
                                }
                              }
                            }
                          }
                        },
                        "vhost": {
                          "version": "3.0.2",
                          "resolved": "https://registry.npmjs.org/vhost/-/vhost-3.0.2.tgz",
                          "from": "vhost@>=3.0.1 <3.1.0"
                        }
                      }
                    },
                    "content-disposition": {
                      "version": "0.5.0",
                      "resolved": "https://registry.npmjs.org/content-disposition/-/content-disposition-0.5.0.tgz",
                      "from": "content-disposition@0.5.0"
                    },
                    "content-type": {
                      "version": "1.0.1",
                      "resolved": "https://registry.npmjs.org/content-type/-/content-type-1.0.1.tgz",
                      "from": "content-type@>=1.0.1 <1.1.0"
                    },
                    "cookie": {
                      "version": "0.1.3",
                      "resolved": "https://registry.npmjs.org/cookie/-/cookie-0.1.3.tgz",
                      "from": "cookie@0.1.3"
                    },
                    "cookie-signature": {
                      "version": "1.0.6",
                      "resolved": "https://registry.npmjs.org/cookie-signature/-/cookie-signature-1.0.6.tgz",
                      "from": "cookie-signature@1.0.6"
                    },
                    "debug": {
                      "version": "2.2.0",
                      "resolved": "https://registry.npmjs.org/debug/-/debug-2.2.0.tgz",
                      "from": "debug@>=2.2.0 <2.3.0",
                      "dependencies": {
                        "ms": {
                          "version": "0.7.1",
                          "resolved": "https://registry.npmjs.org/ms/-/ms-0.7.1.tgz",
                          "from": "ms@0.7.1"
                        }
                      }
                    },
                    "depd": {
                      "version": "1.0.1",
                      "resolved": "https://registry.npmjs.org/depd/-/depd-1.0.1.tgz",
                      "from": "depd@>=1.0.1 <1.1.0"
                    },
                    "escape-html": {
                      "version": "1.0.2",
                      "resolved": "https://registry.npmjs.org/escape-html/-/escape-html-1.0.2.tgz",
                      "from": "escape-html@1.0.2"
                    },
                    "etag": {
                      "version": "1.7.0",
                      "resolved": "https://registry.npmjs.org/etag/-/etag-1.7.0.tgz",
                      "from": "etag@>=1.7.0 <1.8.0"
                    },
                    "fresh": {
                      "version": "0.3.0",
                      "resolved": "https://registry.npmjs.org/fresh/-/fresh-0.3.0.tgz",
                      "from": "fresh@0.3.0"
                    },
                    "merge-descriptors": {
                      "version": "1.0.0",
                      "resolved": "https://registry.npmjs.org/merge-descriptors/-/merge-descriptors-1.0.0.tgz",
                      "from": "merge-descriptors@1.0.0"
                    },
                    "methods": {
                      "version": "1.1.2",
                      "resolved": "https://registry.npmjs.org/methods/-/methods-1.1.2.tgz",
                      "from": "methods@>=1.1.1 <1.2.0"
                    },
                    "mkdirp": {
                      "version": "0.5.1",
                      "resolved": "https://registry.npmjs.org/mkdirp/-/mkdirp-0.5.1.tgz",
                      "from": "mkdirp@0.5.1",
                      "dependencies": {
                        "minimist": {
                          "version": "0.0.8",
                          "resolved": "https://registry.npmjs.org/minimist/-/minimist-0.0.8.tgz",
                          "from": "minimist@0.0.8"
                        }
                      }
                    },
                    "parseurl": {
                      "version": "1.3.1",
                      "resolved": "https://registry.npmjs.org/parseurl/-/parseurl-1.3.1.tgz",
                      "from": "parseurl@>=1.3.0 <1.4.0"
                    },
                    "proxy-addr": {
                      "version": "1.0.10",
                      "resolved": "https://registry.npmjs.org/proxy-addr/-/proxy-addr-1.0.10.tgz",
                      "from": "proxy-addr@>=1.0.8 <1.1.0",
                      "dependencies": {
                        "forwarded": {
                          "version": "0.1.0",
                          "resolved": "https://registry.npmjs.org/forwarded/-/forwarded-0.1.0.tgz",
                          "from": "forwarded@>=0.1.0 <0.2.0"
                        },
                        "ipaddr.js": {
                          "version": "1.0.5",
                          "resolved": "https://registry.npmjs.org/ipaddr.js/-/ipaddr.js-1.0.5.tgz",
                          "from": "ipaddr.js@1.0.5"
                        }
                      }
                    },
                    "range-parser": {
                      "version": "1.0.3",
                      "resolved": "https://registry.npmjs.org/range-parser/-/range-parser-1.0.3.tgz",
                      "from": "range-parser@>=1.0.2 <1.1.0"
                    },
                    "send": {
                      "version": "0.13.0",
                      "resolved": "https://registry.npmjs.org/send/-/send-0.13.0.tgz",
                      "from": "send@0.13.0",
                      "dependencies": {
                        "destroy": {
                          "version": "1.0.3",
                          "resolved": "https://registry.npmjs.org/destroy/-/destroy-1.0.3.tgz",
                          "from": "destroy@1.0.3"
                        },
                        "http-errors": {
                          "version": "1.3.1",
                          "resolved": "https://registry.npmjs.org/http-errors/-/http-errors-1.3.1.tgz",
                          "from": "http-errors@>=1.3.1 <1.4.0",
                          "dependencies": {
                            "inherits": {
                              "version": "2.0.1",
                              "resolved": "https://registry.npmjs.org/inherits/-/inherits-2.0.1.tgz",
                              "from": "inherits@>=2.0.1 <2.1.0"
                            }
                          }
                        },
                        "mime": {
                          "version": "1.3.4",
                          "resolved": "https://registry.npmjs.org/mime/-/mime-1.3.4.tgz",
                          "from": "mime@1.3.4"
                        },
                        "ms": {
                          "version": "0.7.1",
                          "resolved": "https://registry.npmjs.org/ms/-/ms-0.7.1.tgz",
                          "from": "ms@0.7.1"
                        },
                        "on-finished": {
                          "version": "2.3.0",
                          "resolved": "https://registry.npmjs.org/on-finished/-/on-finished-2.3.0.tgz",
                          "from": "on-finished@>=2.3.0 <2.4.0",
                          "dependencies": {
                            "ee-first": {
                              "version": "1.1.1",
                              "resolved": "https://registry.npmjs.org/ee-first/-/ee-first-1.1.1.tgz",
                              "from": "ee-first@1.1.1"
                            }
                          }
                        },
                        "statuses": {
                          "version": "1.2.1",
                          "resolved": "https://registry.npmjs.org/statuses/-/statuses-1.2.1.tgz",
                          "from": "statuses@>=1.2.1 <1.3.0"
                        }
                      }
                    },
                    "utils-merge": {
                      "version": "1.0.0",
                      "resolved": "https://registry.npmjs.org/utils-merge/-/utils-merge-1.0.0.tgz",
                      "from": "utils-merge@1.0.0"
                    },
                    "vary": {
                      "version": "1.0.1",
                      "resolved": "https://registry.npmjs.org/vary/-/vary-1.0.1.tgz",
                      "from": "vary@>=1.0.1 <1.1.0"
                    }
                  }
                }
              }
            },
            "xtend": {
              "version": "2.1.2",
              "resolved": "https://registry.npmjs.org/xtend/-/xtend-2.1.2.tgz",
              "from": "xtend@>=2.1.1 <2.2.0",
              "dependencies": {
                "object-keys": {
                  "version": "0.4.0",
                  "resolved": "https://registry.npmjs.org/object-keys/-/object-keys-0.4.0.tgz",
                  "from": "object-keys@>=0.4.0 <0.5.0"
                }
              }
            }
          }
        },
        "blueimp-md5": {
          "version": "1.1.1",
          "resolved": "https://registry.npmjs.org/blueimp-md5/-/blueimp-md5-1.1.1.tgz",
          "from": "blueimp-md5@>=1.1.0 <2.0.0"
        },
        "fbjs": {
          "version": "0.3.2",
          "resolved": "https://registry.npmjs.org/fbjs/-/fbjs-0.3.2.tgz",
          "from": "fbjs@>=0.3.1 <0.4.0",
          "dependencies": {
            "core-js": {
              "version": "1.2.6",
              "resolved": "https://registry.npmjs.org/core-js/-/core-js-1.2.6.tgz",
              "from": "core-js@>=1.0.0 <2.0.0"
            },
            "loose-envify": {
              "version": "1.1.0",
              "resolved": "https://registry.npmjs.org/loose-envify/-/loose-envify-1.1.0.tgz",
              "from": "loose-envify@>=1.0.0 <2.0.0",
              "dependencies": {
                "js-tokens": {
                  "version": "1.0.3",
                  "resolved": "https://registry.npmjs.org/js-tokens/-/js-tokens-1.0.3.tgz",
                  "from": "js-tokens@>=1.0.1 <2.0.0"
                }
              }
            },
            "promise": {
              "version": "7.1.1",
              "resolved": "https://registry.npmjs.org/promise/-/promise-7.1.1.tgz",
              "from": "promise@>=7.0.3 <8.0.0",
              "dependencies": {
                "asap": {
                  "version": "2.0.3",
                  "resolved": "https://registry.npmjs.org/asap/-/asap-2.0.3.tgz",
                  "from": "asap@>=2.0.3 <2.1.0"
                }
              }
            },
            "ua-parser-js": {
              "version": "0.7.10",
              "resolved": "https://registry.npmjs.org/ua-parser-js/-/ua-parser-js-0.7.10.tgz",
              "from": "ua-parser-js@>=0.7.9 <0.8.0"
            },
            "whatwg-fetch": {
              "version": "0.9.0",
              "resolved": "https://registry.npmjs.org/whatwg-fetch/-/whatwg-fetch-0.9.0.tgz",
              "from": "whatwg-fetch@>=0.9.0 <0.10.0"
            }
          }
        },
        "immutable": {
          "version": "3.7.6",
          "resolved": "https://registry.npmjs.org/immutable/-/immutable-3.7.6.tgz",
          "from": "immutable@>=3.7.3 <4.0.0"
        },
        "jsonp": {
          "version": "0.2.0",
          "resolved": "https://registry.npmjs.org/jsonp/-/jsonp-0.2.0.tgz",
          "from": "jsonp@>=0.2.0 <0.3.0",
          "dependencies": {
            "debug": {
              "version": "2.1.3",
              "resolved": "https://registry.npmjs.org/debug/-/debug-2.1.3.tgz",
              "from": "debug@2.1.3",
              "dependencies": {
                "ms": {
                  "version": "0.7.0",
                  "resolved": "https://registry.npmjs.org/ms/-/ms-0.7.0.tgz",
                  "from": "ms@0.7.0"
                }
              }
            }
          }
        },
        "password-sheriff": {
          "version": "1.0.1",
          "resolved": "https://registry.npmjs.org/password-sheriff/-/password-sheriff-1.0.1.tgz",
          "from": "password-sheriff@>=1.0.0 <2.0.0",
          "dependencies": {
            "underscore": {
              "version": "1.8.3",
              "resolved": "https://registry.npmjs.org/underscore/-/underscore-1.8.3.tgz",
              "from": "underscore@>=1.6.0 <2.0.0"
            }
          }
        },
        "react": {
          "version": "0.14.5",
          "resolved": "https://registry.npmjs.org/react/-/react-0.14.5.tgz",
          "from": "react@0.14.5",
          "dependencies": {
            "envify": {
              "version": "3.4.0",
              "resolved": "https://registry.npmjs.org/envify/-/envify-3.4.0.tgz",
              "from": "envify@>=3.0.0 <4.0.0",
              "dependencies": {
                "jstransform": {
                  "version": "10.1.0",
                  "resolved": "https://registry.npmjs.org/jstransform/-/jstransform-10.1.0.tgz",
                  "from": "jstransform@>=10.0.1 <11.0.0",
                  "dependencies": {
                    "base62": {
                      "version": "0.1.1",
                      "resolved": "https://registry.npmjs.org/base62/-/base62-0.1.1.tgz",
                      "from": "base62@0.1.1"
                    },
                    "esprima-fb": {
                      "version": "13001.1001.0-dev-harmony-fb",
                      "resolved": "https://registry.npmjs.org/esprima-fb/-/esprima-fb-13001.1001.0-dev-harmony-fb.tgz",
                      "from": "esprima-fb@13001.1001.0-dev-harmony-fb"
                    },
                    "source-map": {
                      "version": "0.1.31",
                      "resolved": "https://registry.npmjs.org/source-map/-/source-map-0.1.31.tgz",
                      "from": "source-map@0.1.31",
                      "dependencies": {
                        "amdefine": {
                          "version": "1.0.0",
                          "resolved": "https://registry.npmjs.org/amdefine/-/amdefine-1.0.0.tgz",
                          "from": "amdefine@>=0.0.4"
                        }
                      }
                    }
                  }
                },
                "through": {
                  "version": "2.3.8",
                  "resolved": "https://registry.npmjs.org/through/-/through-2.3.8.tgz",
                  "from": "through@>=2.3.4 <2.4.0"
                }
              }
            },
            "fbjs": {
              "version": "0.6.1",
              "resolved": "https://registry.npmjs.org/fbjs/-/fbjs-0.6.1.tgz",
              "from": "fbjs@>=0.6.0 <0.7.0",
              "dependencies": {
                "core-js": {
                  "version": "1.2.6",
                  "resolved": "https://registry.npmjs.org/core-js/-/core-js-1.2.6.tgz",
                  "from": "core-js@>=1.0.0 <2.0.0"
                },
                "loose-envify": {
                  "version": "1.1.0",
                  "resolved": "https://registry.npmjs.org/loose-envify/-/loose-envify-1.1.0.tgz",
                  "from": "loose-envify@>=1.0.0 <2.0.0",
                  "dependencies": {
                    "js-tokens": {
                      "version": "1.0.3",
                      "resolved": "https://registry.npmjs.org/js-tokens/-/js-tokens-1.0.3.tgz",
                      "from": "js-tokens@>=1.0.1 <2.0.0"
                    }
                  }
                },
                "promise": {
                  "version": "7.1.1",
                  "resolved": "https://registry.npmjs.org/promise/-/promise-7.1.1.tgz",
                  "from": "promise@>=7.0.3 <8.0.0",
                  "dependencies": {
                    "asap": {
                      "version": "2.0.3",
                      "resolved": "https://registry.npmjs.org/asap/-/asap-2.0.3.tgz",
                      "from": "asap@>=2.0.3 <2.1.0"
                    }
                  }
                },
                "ua-parser-js": {
                  "version": "0.7.10",
                  "resolved": "https://registry.npmjs.org/ua-parser-js/-/ua-parser-js-0.7.10.tgz",
                  "from": "ua-parser-js@>=0.7.9 <0.8.0"
                },
                "whatwg-fetch": {
                  "version": "0.9.0",
                  "resolved": "https://registry.npmjs.org/whatwg-fetch/-/whatwg-fetch-0.9.0.tgz",
                  "from": "whatwg-fetch@>=0.9.0 <0.10.0"
                }
              }
            }
          }
        },
        "react-addons-css-transition-group": {
          "version": "0.14.5",
          "resolved": "https://registry.npmjs.org/react-addons-css-transition-group/-/react-addons-css-transition-group-0.14.5.tgz",
          "from": "react-addons-css-transition-group@0.14.5"
        },
        "react-addons-transition-group": {
          "version": "0.14.5",
          "resolved": "https://registry.npmjs.org/react-addons-transition-group/-/react-addons-transition-group-0.14.5.tgz",
          "from": "react-addons-transition-group@0.14.5"
        },
        "react-dom": {
          "version": "0.14.5",
          "resolved": "https://registry.npmjs.org/react-dom/-/react-dom-0.14.5.tgz",
          "from": "react-dom@0.14.5"
        },
        "reqwest": {
          "version": "1.1.6",
          "resolved": "https://registry.npmjs.org/reqwest/-/reqwest-1.1.6.tgz",
          "from": "reqwest@>=1.1.4 <2.0.0"
        },
        "trim": {
          "version": "0.0.1",
          "resolved": "https://registry.npmjs.org/trim/-/trim-0.0.1.tgz",
          "from": "trim@0.0.1"
        }
      }
    },
    "events": {
      "version": "1.1.0",
      "resolved": "https://registry.npmjs.org/events/-/events-1.1.0.tgz",
      "from": "events@1.1.0"
    }
  }
}
